// !$*UTF8*$!
{
	archiveVersion = 1;
	classes = {
	};
	objectVersion = 50;
	objects = {

/* Begin PBXBuildFile section */
		2B8FE88320ECB6EB006163FD /* AuthViewController.swift in Sources */ = {isa = PBXBuildFile; fileRef = 2B8FE88220ECB6EB006163FD /* AuthViewController.swift */; };
		2BB6DDBB20ABCDAF00A30AD2 /* AppDelegate.swift in Sources */ = {isa = PBXBuildFile; fileRef = 2BB6DDBA20ABCDAF00A30AD2 /* AppDelegate.swift */; };
		2BB6DDC220ABCDB200A30AD2 /* Assets.xcassets in Resources */ = {isa = PBXBuildFile; fileRef = 2BB6DDC120ABCDB200A30AD2 /* Assets.xcassets */; };
		2BB6DDC520ABCDB200A30AD2 /* LaunchScreen.storyboard in Resources */ = {isa = PBXBuildFile; fileRef = 2BB6DDC320ABCDB200A30AD2 /* LaunchScreen.storyboard */; };
		2BB6DDCD20ABCF8800A30AD2 /* CryptoTableViewController.swift in Sources */ = {isa = PBXBuildFile; fileRef = 2BB6DDCC20ABCF8800A30AD2 /* CryptoTableViewController.swift */; };
		2BB6DDCF20ABD38E00A30AD2 /* coinData.swift in Sources */ = {isa = PBXBuildFile; fileRef = 2BB6DDCE20ABD38E00A30AD2 /* coinData.swift */; };
		2BEB4BC420B2A10B00FAEC5F /* CoinViewController.swift in Sources */ = {isa = PBXBuildFile; fileRef = 2BEB4BC320B2A10B00FAEC5F /* CoinViewController.swift */; };
		62784299F8CB1460581F4D85 /* Pods_Crypto_Tracker.framework in Frameworks */ = {isa = PBXBuildFile; fileRef = 7DC2374E9C9FD6BA494E6B1F /* Pods_Crypto_Tracker.framework */; };
/* End PBXBuildFile section */

/* Begin PBXFileReference section */
		2B8FE88220ECB6EB006163FD /* AuthViewController.swift */ = {isa = PBXFileReference; lastKnownFileType = sourcecode.swift; path = AuthViewController.swift; sourceTree = "<group>"; };
		2BB6DDB720ABCDAF00A30AD2 /* Crypto Tracker.app */ = {isa = PBXFileReference; explicitFileType = wrapper.application; includeInIndex = 0; path = "Crypto Tracker.app"; sourceTree = BUILT_PRODUCTS_DIR; };
		2BB6DDBA20ABCDAF00A30AD2 /* AppDelegate.swift */ = {isa = PBXFileReference; lastKnownFileType = sourcecode.swift; path = AppDelegate.swift; sourceTree = "<group>"; };
		2BB6DDC120ABCDB200A30AD2 /* Assets.xcassets */ = {isa = PBXFileReference; lastKnownFileType = folder.assetcatalog; path = Assets.xcassets; sourceTree = "<group>"; };
		2BB6DDC420ABCDB200A30AD2 /* Base */ = {isa = PBXFileReference; lastKnownFileType = file.storyboard; name = Base; path = Base.lproj/LaunchScreen.storyboard; sourceTree = "<group>"; };
		2BB6DDC620ABCDB200A30AD2 /* Info.plist */ = {isa = PBXFileReference; lastKnownFileType = text.plist.xml; path = Info.plist; sourceTree = "<group>"; };
		2BB6DDCC20ABCF8800A30AD2 /* CryptoTableViewController.swift */ = {isa = PBXFileReference; lastKnownFileType = sourcecode.swift; path = CryptoTableViewController.swift; sourceTree = "<group>"; };
		2BB6DDCE20ABD38E00A30AD2 /* coinData.swift */ = {isa = PBXFileReference; lastKnownFileType = sourcecode.swift; path = coinData.swift; sourceTree = "<group>"; };
		2BEB4BC320B2A10B00FAEC5F /* CoinViewController.swift */ = {isa = PBXFileReference; lastKnownFileType = sourcecode.swift; path = CoinViewController.swift; sourceTree = "<group>"; };
		573FF3BC57F24A9D34749FE0 /* Pods-Crypto Tracker.release.xcconfig */ = {isa = PBXFileReference; includeInIndex = 1; lastKnownFileType = text.xcconfig; name = "Pods-Crypto Tracker.release.xcconfig"; path = "Pods/Target Support Files/Pods-Crypto Tracker/Pods-Crypto Tracker.release.xcconfig"; sourceTree = "<group>"; };
		7DC2374E9C9FD6BA494E6B1F /* Pods_Crypto_Tracker.framework */ = {isa = PBXFileReference; explicitFileType = wrapper.framework; includeInIndex = 0; path = Pods_Crypto_Tracker.framework; sourceTree = BUILT_PRODUCTS_DIR; };
		9940438719894CA3A3587B52 /* Pods-Crypto Tracker.debug.xcconfig */ = {isa = PBXFileReference; includeInIndex = 1; lastKnownFileType = text.xcconfig; name = "Pods-Crypto Tracker.debug.xcconfig"; path = "Pods/Target Support Files/Pods-Crypto Tracker/Pods-Crypto Tracker.debug.xcconfig"; sourceTree = "<group>"; };
/* End PBXFileReference section */

/* Begin PBXFrameworksBuildPhase section */
		2BB6DDB420ABCDAF00A30AD2 /* Frameworks */ = {
			isa = PBXFrameworksBuildPhase;
			buildActionMask = 2147483647;
			files = (
				62784299F8CB1460581F4D85 /* Pods_Crypto_Tracker.framework in Frameworks */,
			);
			runOnlyForDeploymentPostprocessing = 0;
		};
/* End PBXFrameworksBuildPhase section */

/* Begin PBXGroup section */
		2BB6DDAE20ABCDAF00A30AD2 = {
			isa = PBXGroup;
			children = (
				2BB6DDB920ABCDAF00A30AD2 /* Crypto Tracker */,
				2BB6DDB820ABCDAF00A30AD2 /* Products */,
				4B636110401FA88C9D940CF5 /* Pods */,
				8F91CFBEAE1F5E178275EF82 /* Frameworks */,
			);
			sourceTree = "<group>";
		};
		2BB6DDB820ABCDAF00A30AD2 /* Products */ = {
			isa = PBXGroup;
			children = (
				2BB6DDB720ABCDAF00A30AD2 /* Crypto Tracker.app */,
			);
			name = Products;
			sourceTree = "<group>";
		};
		2BB6DDB920ABCDAF00A30AD2 /* Crypto Tracker */ = {
			isa = PBXGroup;
			children = (
				2BB6DDBA20ABCDAF00A30AD2 /* AppDelegate.swift */,
				2B8FE88220ECB6EB006163FD /* AuthViewController.swift */,
				2BB6DDCE20ABD38E00A30AD2 /* coinData.swift */,
				2BB6DDC120ABCDB200A30AD2 /* Assets.xcassets */,
				2BB6DDC320ABCDB200A30AD2 /* LaunchScreen.storyboard */,
				2BB6DDC620ABCDB200A30AD2 /* Info.plist */,
				2BB6DDCC20ABCF8800A30AD2 /* CryptoTableViewController.swift */,
				2BEB4BC320B2A10B00FAEC5F /* CoinViewController.swift */,
			);
			path = "Crypto Tracker";
			sourceTree = "<group>";
		};
		4B636110401FA88C9D940CF5 /* Pods */ = {
			isa = PBXGroup;
			children = (
				9940438719894CA3A3587B52 /* Pods-Crypto Tracker.debug.xcconfig */,
				573FF3BC57F24A9D34749FE0 /* Pods-Crypto Tracker.release.xcconfig */,
			);
			name = Pods;
			sourceTree = "<group>";
		};
		8F91CFBEAE1F5E178275EF82 /* Frameworks */ = {
			isa = PBXGroup;
			children = (
				7DC2374E9C9FD6BA494E6B1F /* Pods_Crypto_Tracker.framework */,
			);
			name = Frameworks;
			sourceTree = "<group>";
		};
/* End PBXGroup section */

/* Begin PBXNativeTarget section */
		2BB6DDB620ABCDAF00A30AD2 /* Crypto Tracker */ = {
			isa = PBXNativeTarget;
			buildConfigurationList = 2BB6DDC920ABCDB200A30AD2 /* Build configuration list for PBXNativeTarget "Crypto Tracker" */;
			buildPhases = (
				4C54581E7CEDA80AD7CD2EB3 /* [CP] Check Pods Manifest.lock */,
				2BB6DDB320ABCDAF00A30AD2 /* Sources */,
				2BB6DDB420ABCDAF00A30AD2 /* Frameworks */,
				2BB6DDB520ABCDAF00A30AD2 /* Resources */,
				A403A8D33FE477F201D32D36 /* [CP] Embed Pods Frameworks */,
			);
			buildRules = (
			);
			dependencies = (
			);
			name = "Crypto Tracker";
			productName = "Crypto Tracker";
			productReference = 2BB6DDB720ABCDAF00A30AD2 /* Crypto Tracker.app */;
			productType = "com.apple.product-type.application";
		};
/* End PBXNativeTarget section */

/* Begin PBXProject section */
		2BB6DDAF20ABCDAF00A30AD2 /* Project object */ = {
			isa = PBXProject;
			attributes = {
				LastSwiftUpdateCheck = 0930;
				LastUpgradeCheck = 0930;
				ORGANIZATIONNAME = "Edward White";
				TargetAttributes = {
					2BB6DDB620ABCDAF00A30AD2 = {
						CreatedOnToolsVersion = 9.3.1;
					};
				};
			};
			buildConfigurationList = 2BB6DDB220ABCDAF00A30AD2 /* Build configuration list for PBXProject "Crypto Tracker" */;
			compatibilityVersion = "Xcode 9.3";
			developmentRegion = en;
			hasScannedForEncodings = 0;
			knownRegions = (
				en,
				Base,
			);
			mainGroup = 2BB6DDAE20ABCDAF00A30AD2;
			productRefGroup = 2BB6DDB820ABCDAF00A30AD2 /* Products */;
			projectDirPath = "";
			projectRoot = "";
			targets = (
				2BB6DDB620ABCDAF00A30AD2 /* Crypto Tracker */,
			);
		};
/* End PBXProject section */

/* Begin PBXResourcesBuildPhase section */
		2BB6DDB520ABCDAF00A30AD2 /* Resources */ = {
			isa = PBXResourcesBuildPhase;
			buildActionMask = 2147483647;
			files = (
				2BB6DDC520ABCDB200A30AD2 /* LaunchScreen.storyboard in Resources */,
				2BB6DDC220ABCDB200A30AD2 /* Assets.xcassets in Resources */,
			);
			runOnlyForDeploymentPostprocessing = 0;
		};
/* End PBXResourcesBuildPhase section */

/* Begin PBXShellScriptBuildPhase section */
		4C54581E7CEDA80AD7CD2EB3 /* [CP] Check Pods Manifest.lock */ = {
			isa = PBXShellScriptBuildPhase;
			buildActionMask = 2147483647;
			files = (
			);
			inputPaths = (
				"${PODS_PODFILE_DIR_PATH}/Podfile.lock",
				"${PODS_ROOT}/Manifest.lock",
			);
			name = "[CP] Check Pods Manifest.lock";
			outputPaths = (
				"$(DERIVED_FILE_DIR)/Pods-Crypto Tracker-checkManifestLockResult.txt",
			);
			runOnlyForDeploymentPostprocessing = 0;
			shellPath = /bin/sh;
			shellScript = "diff \"${PODS_PODFILE_DIR_PATH}/Podfile.lock\" \"${PODS_ROOT}/Manifest.lock\" > /dev/null\nif [ $? != 0 ] ; then\n    # print error to STDERR\n    echo \"error: The sandbox is not in sync with the Podfile.lock. Run 'pod install' or update your CocoaPods installation.\" >&2\n    exit 1\nfi\n# This output is used by Xcode 'outputs' to avoid re-running this script phase.\necho \"SUCCESS\" > \"${SCRIPT_OUTPUT_FILE_0}\"\n";
			showEnvVarsInLog = 0;
		};
		A403A8D33FE477F201D32D36 /* [CP] Embed Pods Frameworks */ = {
			isa = PBXShellScriptBuildPhase;
			buildActionMask = 2147483647;
			files = (
			);
			inputPaths = (
				"${SRCROOT}/Pods/Target Support Files/Pods-Crypto Tracker/Pods-Crypto Tracker-frameworks.sh",
				"${BUILT_PRODUCTS_DIR}/Alamofire/Alamofire.framework",
				"${BUILT_PRODUCTS_DIR}/SwiftChart/SwiftChart.framework",
			);
			name = "[CP] Embed Pods Frameworks";
			outputPaths = (
				"${TARGET_BUILD_DIR}/${FRAMEWORKS_FOLDER_PATH}/Alamofire.framework",
				"${TARGET_BUILD_DIR}/${FRAMEWORKS_FOLDER_PATH}/SwiftChart.framework",
			);
			runOnlyForDeploymentPostprocessing = 0;
			shellPath = /bin/sh;
			shellScript = "\"${SRCROOT}/Pods/Target Support Files/Pods-Crypto Tracker/Pods-Crypto Tracker-frameworks.sh\"\n";
			showEnvVarsInLog = 0;
		};
/* End PBXShellScriptBuildPhase section */

/* Begin PBXSourcesBuildPhase section */
		2BB6DDB320ABCDAF00A30AD2 /* Sources */ = {
			isa = PBXSourcesBuildPhase;
			buildActionMask = 2147483647;
			files = (
				2BB6DDCD20ABCF8800A30AD2 /* CryptoTableViewController.swift in Sources */,
				2BB6DDBB20ABCDAF00A30AD2 /* AppDelegate.swift in Sources */,
				2B8FE88320ECB6EB006163FD /* AuthViewController.swift in Sources */,
				2BB6DDCF20ABD38E00A30AD2 /* coinData.swift in Sources */,
				2BEB4BC420B2A10B00FAEC5F /* CoinViewController.swift in Sources */,
			);
			runOnlyForDeploymentPostprocessing = 0;
		};
/* End PBXSourcesBuildPhase section */

/* Begin PBXVariantGroup section */
		2BB6DDC320ABCDB200A30AD2 /* LaunchScreen.storyboard */ = {
			isa = PBXVariantGroup;
			children = (
				2BB6DDC420ABCDB200A30AD2 /* Base */,
			);
			name = LaunchScreen.storyboard;
			sourceTree = "<group>";
		};
/* End PBXVariantGroup section */

/* Begin XCBuildConfiguration section */
		2BB6DDC720ABCDB200A30AD2 /* Debug */ = {
			isa = XCBuildConfiguration;
			buildSettings = {
				ALWAYS_SEARCH_USER_PATHS = NO;
				CLANG_ANALYZER_NONNULL = YES;
				CLANG_ANALYZER_NUMBER_OBJECT_CONVERSION = YES_AGGRESSIVE;
				CLANG_CXX_LANGUAGE_STANDARD = "gnu++14";
				CLANG_CXX_LIBRARY = "libc++";
				CLANG_ENABLE_MODULES = YES;
				CLANG_ENABLE_OBJC_ARC = YES;
				CLANG_ENABLE_OBJC_WEAK = YES;
				CLANG_WARN_BLOCK_CAPTURE_AUTORELEASING = YES;
				CLANG_WARN_BOOL_CONVERSION = YES;
				CLANG_WARN_COMMA = YES;
				CLANG_WARN_CONSTANT_CONVERSION = YES;
				CLANG_WARN_DEPRECATED_OBJC_IMPLEMENTATIONS = YES;
				CLANG_WARN_DIRECT_OBJC_ISA_USAGE = YES_ERROR;
				CLANG_WARN_DOCUMENTATION_COMMENTS = YES;
				CLANG_WARN_EMPTY_BODY = YES;
				CLANG_WARN_ENUM_CONVERSION = YES;
				CLANG_WARN_INFINITE_RECURSION = YES;
				CLANG_WARN_INT_CONVERSION = YES;
				CLANG_WARN_NON_LITERAL_NULL_CONVERSION = YES;
				CLANG_WARN_OBJC_IMPLICIT_RETAIN_SELF = YES;
				CLANG_WARN_OBJC_LITERAL_CONVERSION = YES;
				CLANG_WARN_OBJC_ROOT_CLASS = YES_ERROR;
				CLANG_WARN_RANGE_LOOP_ANALYSIS = YES;
				CLANG_WARN_STRICT_PROTOTYPES = YES;
				CLANG_WARN_SUSPICIOUS_MOVE = YES;
				CLANG_WARN_UNGUARDED_AVAILABILITY = YES_AGGRESSIVE;
				CLANG_WARN_UNREACHABLE_CODE = YES;
				CLANG_WARN__DUPLICATE_METHOD_MATCH = YES;
				CODE_SIGN_IDENTITY = "iPhone Developer";
				COPY_PHASE_STRIP = NO;
				DEBUG_INFORMATION_FORMAT = dwarf;
				ENABLE_STRICT_OBJC_MSGSEND = YES;
				ENABLE_TESTABILITY = YES;
				GCC_C_LANGUAGE_STANDARD = gnu11;
				GCC_DYNAMIC_NO_PIC = NO;
				GCC_NO_COMMON_BLOCKS = YES;
				GCC_OPTIMIZATION_LEVEL = 0;
				GCC_PREPROCESSOR_DEFINITIONS = (
					"DEBUG=1",
					"$(inherited)",
				);
				GCC_WARN_64_TO_32_BIT_CONVERSION = YES;
				GCC_WARN_ABOUT_RETURN_TYPE = YES_ERROR;
				GCC_WARN_UNDECLARED_SELECTOR = YES;
				GCC_WARN_UNINITIALIZED_AUTOS = YES_AGGRESSIVE;
				GCC_WARN_UNUSED_FUNCTION = YES;
				GCC_WARN_UNUSED_VARIABLE = YES;
				IPHONEOS_DEPLOYMENT_TARGET = 11.3;
				MTL_ENABLE_DEBUG_INFO = YES;
				ONLY_ACTIVE_ARCH = YES;
				SDKROOT = iphoneos;
				SWIFT_ACTIVE_COMPILATION_CONDITIONS = DEBUG;
				SWIFT_OPTIMIZATION_LEVEL = "-Onone";
			};
			name = Debug;
		};
		2BB6DDC820ABCDB200A30AD2 /* Release */ = {
			isa = XCBuildConfiguration;
			buildSettings = {
				ALWAYS_SEARCH_USER_PATHS = NO;
				CLANG_ANALYZER_NONNULL = YES;
				CLANG_ANALYZER_NUMBER_OBJECT_CONVERSION = YES_AGGRESSIVE;
				CLANG_CXX_LANGUAGE_STANDARD = "gnu++14";
				CLANG_CXX_LIBRARY = "libc++";
				CLANG_ENABLE_MODULES = YES;
				CLANG_ENABLE_OBJC_ARC = YES;
				CLANG_ENABLE_OBJC_WEAK = YES;
				CLANG_WARN_BLOCK_CAPTURE_AUTORELEASING = YES;
				CLANG_WARN_BOOL_CONVERSION = YES;
				CLANG_WARN_COMMA = YES;
				CLANG_WARN_CONSTANT_CONVERSION = YES;
				CLANG_WARN_DEPRECATED_OBJC_IMPLEMENTATIONS = YES;
				CLANG_WARN_DIRECT_OBJC_ISA_USAGE = YES_ERROR;
				CLANG_WARN_DOCUMENTATION_COMMENTS = YES;
				CLANG_WARN_EMPTY_BODY = YES;
				CLANG_WARN_ENUM_CONVERSION = YES;
				CLANG_WARN_INFINITE_RECURSION = YES;
				CLANG_WARN_INT_CONVERSION = YES;
				CLANG_WARN_NON_LITERAL_NULL_CONVERSION = YES;
				CLANG_WARN_OBJC_IMPLICIT_RETAIN_SELF = YES;
				CLANG_WARN_OBJC_LITERAL_CONVERSION = YES;
				CLANG_WARN_OBJC_ROOT_CLASS = YES_ERROR;
				CLANG_WARN_RANGE_LOOP_ANALYSIS = YES;
				CLANG_WARN_STRICT_PROTOTYPES = YES;
				CLANG_WARN_SUSPICIOUS_MOVE = YES;
				CLANG_WARN_UNGUARDED_AVAILABILITY = YES_AGGRESSIVE;
				CLANG_WARN_UNREACHABLE_CODE = YES;
				CLANG_WARN__DUPLICATE_METHOD_MATCH = YES;
				CODE_SIGN_IDENTITY = "iPhone Developer";
				COPY_PHASE_STRIP = NO;
				DEBUG_INFORMATION_FORMAT = "dwarf-with-dsym";
				ENABLE_NS_ASSERTIONS = NO;
				ENABLE_STRICT_OBJC_MSGSEND = YES;
				GCC_C_LANGUAGE_STANDARD = gnu11;
				GCC_NO_COMMON_BLOCKS = YES;
				GCC_WARN_64_TO_32_BIT_CONVERSION = YES;
				GCC_WARN_ABOUT_RETURN_TYPE = YES_ERROR;
				GCC_WARN_UNDECLARED_SELECTOR = YES;
				GCC_WARN_UNINITIALIZED_AUTOS = YES_AGGRESSIVE;
				GCC_WARN_UNUSED_FUNCTION = YES;
				GCC_WARN_UNUSED_VARIABLE = YES;
				IPHONEOS_DEPLOYMENT_TARGET = 11.3;
				MTL_ENABLE_DEBUG_INFO = NO;
				SDKROOT = iphoneos;
				SWIFT_COMPILATION_MODE = wholemodule;
				SWIFT_OPTIMIZATION_LEVEL = "-O";
				VALIDATE_PRODUCT = YES;
			};
			name = Release;
		};
		2BB6DDCA20ABCDB200A30AD2 /* Debug */ = {
			isa = XCBuildConfiguration;
			baseConfigurationReference = 9940438719894CA3A3587B52 /* Pods-Crypto Tracker.debug.xcconfig */;
			buildSettings = {
				ASSETCATALOG_COMPILER_APPICON_NAME = AppIcon;
				CODE_SIGN_STYLE = Automatic;
				DEVELOPMENT_TEAM = 4WM9UX6U5H;
				INFOPLIST_FILE = "Crypto Tracker/Info.plist";
				LD_RUNPATH_SEARCH_PATHS = (
					"$(inherited)",
					"@executable_path/Frameworks",
				);
				PRODUCT_BUNDLE_IDENTIFIER = "com.ph0phours.Crypto-Tracker";
				PRODUCT_NAME = "$(TARGET_NAME)";
				SWIFT_VERSION = 4.0;
				TARGETED_DEVICE_FAMILY = "1,2";
			};
			name = Debug;
		};
		2BB6DDCB20ABCDB200A30AD2 /* Release */ = {
			isa = XCBuildConfiguration;
			baseConfigurationReference = 573FF3BC57F24A9D34749FE0 /* Pods-Crypto Tracker.release.xcconfig */;
			buildSettings = {
				ASSETCATALOG_COMPILER_APPICON_NAME = AppIcon;
				CODE_SIGN_STYLE = Automatic;
				DEVELOPMENT_TEAM = 4WM9UX6U5H;
				INFOPLIST_FILE = "Crypto Tracker/Info.plist";
				LD_RUNPATH_SEARCH_PATHS = (
					"$(inherited)",
					"@executable_path/Frameworks",
				);
				PRODUCT_BUNDLE_IDENTIFIER = "com.ph0phours.Crypto-Tracker";
				PRODUCT_NAME = "$(TARGET_NAME)";
				SWIFT_VERSION = 4.0;
				TARGETED_DEVICE_FAMILY = "1,2";
			};
			name = Release;
		};
/* End XCBuildConfiguration section */

/* Begin XCConfigurationList section */
		2BB6DDB220ABCDAF00A30AD2 /* Build configuration list for PBXProject "Crypto Tracker" */ = {
			isa = XCConfigurationList;
			buildConfigurations = (
				2BB6DDC720ABCDB200A30AD2 /* Debug */,
				2BB6DDC820ABCDB200A30AD2 /* Release */,
			);
			defaultConfigurationIsVisible = 0;
			defaultConfigurationName = Release;
		};
		2BB6DDC920ABCDB200A30AD2 /* Build configuration list for PBXNativeTarget "Crypto Tracker" */ = {
			isa = XCConfigurationList;
			buildConfigurations = (
				2BB6DDCA20ABCDB200A30AD2 /* Debug */,
				2BB6DDCB20ABCDB200A30AD2 /* Release */,
			);
			defaultConfigurationIsVisible = 0;
			defaultConfigurationName = Release;
		};
/* End XCConfigurationList section */
	};
	rootObject = 2BB6DDAF20ABCDAF00A30AD2 /* Project object */;
}
